
Microsoft Visual Studio Solution File, Format Version 12.00
# Visual Studio 15
VisualStudioVersion = 15.0.27703.2047
MinimumVisualStudioVersion = 10.0.40219.1
Project("{FAE04EC0-301F-11D3-BF4B-00C04F79EFBC}") = "JIPP_AM", "JIPP_AM\JIPP_AM.csproj", "{397DD80E-0846-4170-8A64-8925DB233424}"
EndProject
Global
	GlobalSection(SolutionConfigurationPlatforms) = preSolution
		Debug|Any CPU = Debug|Any CPU
		Release|Any CPU = Release|Any CPU
	EndGlobalSection
	GlobalSection(ProjectConfigurationPlatforms) = postSolution
		{397DD80E-0846-4170-8A64-8925DB233424}.Debug|Any CPU.ActiveCfg = Debug|Any CPU
		{397DD80E-0846-4170-8A64-8925DB233424}.Debug|Any CPU.Build.0 = Debug|Any CPU
		{397DD80E-0846-4170-8A64-8925DB233424}.Release|Any CPU.ActiveCfg = Release|Any CPU
		{397DD80E-0846-4170-8A64-8925DB233424}.Release|Any CPU.Build.0 = Release|Any CPU
	EndGlobalSection
	GlobalSection(SolutionProperties) = preSolution
		HideSolutionNode = FALSE
	EndGlobalSection
	GlobalSection(ExtensibilityGlobals) = postSolution
		SolutionGuid = {6980A940-2F77-4A1E-98A3-45C2989A068E}
	EndGlobalSection
EndGlobal
